# This file is automatically @generated by Cargo.
# It is not intended for manual editing.
version = 3

[[package]]
name = "bing-wallpaper"
version = "0.1.0"
dependencies = [
 "icrate",
 "lazy_static",
]

[[package]]
name = "block-sys"
version = "0.2.0"
source = "git+https://github.com/madsmtm/objc2#d56f4aee7951a37b75858d51d22302627150cdca"
dependencies = [
 "objc-sys",
]

[[package]]
name = "block2"
version = "0.2.0-alpha.8"
source = "git+https://github.com/madsmtm/objc2#d56f4aee7951a37b75858d51d22302627150cdca"
dependencies = [
 "block-sys",
 "objc2",
]

[[package]]
name = "icrate"
version = "0.0.2"
source = "git+https://github.com/madsmtm/objc2#d56f4aee7951a37b75858d51d22302627150cdca"
dependencies = [
 "block2",
 "objc2",
]

[[package]]
name = "lazy_static"
version = "1.4.0"
source = "registry+https://github.com/rust-lang/crates.io-index"
checksum = "e2abad23fbc42b3700f2f279844dc832adb2b2eb069b2df918f455c4e18cc646"

[[package]]
name = "objc-sys"
version = "0.3.0"
source = "git+https://github.com/madsmtm/objc2#d56f4aee7951a37b75858d51d22302627150cdca"

[[package]]
name = "objc2"
version = "0.3.0-beta.5"
source = "git+https://github.com/madsmtm/objc2#d56f4aee7951a37b75858d51d22302627150cdca"
dependencies = [
 "objc-sys",
 "objc2-encode",
]

[[package]]
name = "objc2-encode"
version = "2.0.0-pre.4"
source = "git+https://github.com/madsmtm/objc2#d56f4aee7951a37b75858d51d22302627150cdca"
